{
  "name": "s8-rtl-mobile-haptics",
  "lockfileVersion": 3,
  "requires": true,
  "packages": {
    "": {
      "name": "s8-rtl-mobile-haptics",
      "dependencies": {
        "@mdn/browser-compat-data": "*",
        "chart.js": "^4.3.2",
        "web-features": "*"
      }
    },
    "node_modules/@kurkle/color": {
      "version": "0.3.4",
      "resolved": "https://registry.npmjs.org/@kurkle/color/-/color-0.3.4.tgz",
      "integrity": "sha512-M5UknZPHRu3DEDWoipU6sE8PdkZ6Z/S+v4dD+Ke8IaNlpdSQah50lz1KtcFBa2vsdOnwbbnxJwVM4wty6udA5w==",
      "license": "MIT"
    },
    "node_modules/@mdn/browser-compat-data": {
      "version": "8.1.3",
      "resolved": "https://registry.npmjs.org/@mdn/browser-compat-data/-/browser-compat-data-8.1.3.tgz",
      "integrity": "sha512-CMVFbWe6y0EEc4qXtcoIc9WnFiLzk8Xd/0CTGUZZI0xC/7fhZOPIFbgCesG2wGhPBMzwEpD9VuKcPqy0r6LNKQ==",
      "license": "CC0-1.0"
    },
    "node_modules/chart.js": {
      "version": "4.3.2",
      "resolved": "https://registry.npmjs.org/chart.js/-/chart.js-4.3.2.tgz",
      "integrity": "sha512-pvQNyFOY1QmbmIr8oDORL16/FFivfxj8V26VFpFilMo4cNvkV5WXLJetDio365pd9gKUHGdirUTbqJfw8tr+Dg==",
      "license": "MIT",
      "dependencies": {
        "@kurkle/color": "^0.3.0"
      },
      "engines": {
        "pnpm": ">=7"
      }
    },
    "node_modules/web-features": {
      "version": "3.40.0",
      "resolved": "https://registry.npmjs.org/web-features/-/web-features-3.40.0.tgz",
      "integrity": "sha512-3AzfKxVv7hWTRZSubYBVu1LHk62mdGg+vIpVAf6+nNC3pC7g455nKSry5OlwsaSYMzuzL2DxSTwlyb5z0+XZdQ==",
      "license": "Apache-2.0"
    }
  }
}
